{
  "name": "react-native-zss-rich-text-editor",
  "version": "1.1.0",
  "lockfileVersion": 1,
  "requires": true,
  "dependencies": {
    "invariant": {
      "version": "2.2.0",
      "resolved": "https://registry.npmjs.org/invariant/-/invariant-2.2.0.tgz",
      "integrity": "sha1-yNfoRzZqScwYtiLwWKaJ1IHolfI=",
      "requires": {
        "loose-envify": "^1.0.0"
      }
    },
    "js-tokens": {
      "version": "4.0.0",
      "resolved": "https://registry.npmjs.org/js-tokens/-/js-tokens-4.0.0.tgz",
      "integrity": "sha512-RdJUflcE3cUzKiMqQgsCu06FPu9UdIJO0beYbPhHN4k6apgJtifcoCtT9bcxOpYBtpD2kCM6Sbzg4CausW/PKQ=="
    },
    "keymirror": {
      "version": "0.1.1",
      "resolved": "https://registry.npmjs.org/keymirror/-/keymirror-0.1.1.tgz",
      "integrity": "sha1-kYiJ6hP40KQufFVyUO7nE63JXDU="
    },
    "loose-envify": {
      "version": "1.4.0",
      "resolved": "https://registry.npmjs.org/loose-envify/-/loose-envify-1.4.0.tgz",
      "integrity": "sha512-lyuxPGr/Wfhrlem2CL/UcnUc1zcqKAImBDzukY7Y5F/yQiNdko6+fRLevlw1HgMySw7f611UIY408EtxRSoK3Q==",
      "requires": {
        "js-tokens": "^3.0.0 || ^4.0.0"
      }
    },
    "react-native-webview-bridge-updated": {
      "version": "git+https://github.com/rsevil/react-native-webview-bridge.git#4974def4b3b372557975ec4c99be724eb8b72856",
      "from": "git+https://github.com/rsevil/react-native-webview-bridge.git",
      "requires": {
        "invariant": "2.2.0",
        "keymirror": "0.1.1"
      }
    }
  }
}
